
Microsoft Visual Studio Solution File, Format Version 12.00
# Visual Studio Version 16
VisualStudioVersion = 16.0.34301.259
MinimumVisualStudioVersion = 10.0.40219.1
Project("{FAE04EC0-301F-11D3-BF4B-00C04F79EFBC}") = "MusicZoneSystem", "MusicZoneSystem\MusicZoneSystem.csproj", "{FF363F74-23B9-419D-BF29-88ACBECB46EE}"
EndProject
Global
	GlobalSection(SolutionConfigurationPlatforms) = preSolution
		Debug|Any CPU = Debug|Any CPU
		Release|Any CPU = Release|Any CPU
	EndGlobalSection
	GlobalSection(ProjectConfigurationPlatforms) = postSolution
		{FF363F74-23B9-419D-BF29-88ACBECB46EE}.Debug|Any CPU.ActiveCfg = Debug|Any CPU
		{FF363F74-23B9-419D-BF29-88ACBECB46EE}.Debug|Any CPU.Build.0 = Debug|Any CPU
		{FF363F74-23B9-419D-BF29-88ACBECB46EE}.Release|Any CPU.ActiveCfg = Release|Any CPU
		{FF363F74-23B9-419D-BF29-88ACBECB46EE}.Release|Any CPU.Build.0 = Release|Any CPU
	EndGlobalSection
	GlobalSection(SolutionProperties) = preSolution
		HideSolutionNode = FALSE
	EndGlobalSection
	GlobalSection(ExtensibilityGlobals) = postSolution
		SolutionGuid = {4DDE8FFF-8FC6-46CA-AB66-8D3808479C13}
	EndGlobalSection
EndGlobal
